<?xml version="1.0" encoding="utf-8"?>
<Project ToolsVersion="4.0" xmlns="http://schemas.microsoft.com/developer/msbuild/2003">
  <ItemGroup>
    <Filter Include="Source Files">
      <UniqueIdentifier>{4FC737F1-C7A5-4376-A066-2A32D752A2FF}</UniqueIdentifier>
      <Extensions>cpp;c;cc;cxx;c++;cppm;ixx;def;odl;idl;hpj;bat;asm;asmx</Extensions>
    </Filter>
    <Filter Include="Header Files">
      <UniqueIdentifier>{93995380-89BD-4b04-88EB-625FBE52EBFB}</UniqueIdentifier>
      <Extensions>h;hh;hpp;hxx;h++;hm;inl;inc;ipp;xsd</Extensions>
    </Filter>
    <Filter Include="Resource Files">
      <UniqueIdentifier>{67DA6AB6-F800-4c08-8B7A-83BB121AAD01}</UniqueIdentifier>
      <Extensions>rc;ico;cur;bmp;dlg;rc2;rct;bin;rgs;gif;jpg;jpeg;jpe;resx;tiff;tif;png;wav;mfcribbon-ms</Extensions>
    </Filter>
  </ItemGroup>
  <ItemGroup>
    <ClCompile Include="..\..\..\..\Downloads\gitcopy\Tic-Tac-Toe-SFML-CPP\Code\GAME LOGIC\16 - Show Game Over Screen\AI.cpp">
      <Filter>Source Files</Filter>
    </ClCompile>
    <ClCompile Include="..\..\..\..\Downloads\gitcopy\Tic-Tac-Toe-SFML-CPP\Code\GAME LOGIC\16 - Show Game Over Screen\AssetManager.cpp">
      <Filter>Source Files</Filter>
    </ClCompile>
    <ClCompile Include="..\..\..\..\Downloads\gitcopy\Tic-Tac-Toe-SFML-CPP\Code\GAME LOGIC\16 - Show Game Over Screen\Game.cpp">
      <Filter>Source Files</Filter>
    </ClCompile>
    <ClCompile Include="..\..\..\..\Downloads\gitcopy\Tic-Tac-Toe-SFML-CPP\Code\GAME LOGIC\16 - Show Game Over Screen\GameOverState.cpp">
      <Filter>Source Files</Filter>
    </ClCompile>
    <ClCompile Include="..\..\..\..\Downloads\gitcopy\Tic-Tac-Toe-SFML-CPP\Code\GAME LOGIC\16 - Show Game Over Screen\GameState.cpp">
      <Filter>Source Files</Filter>
    </ClCompile>
    <ClCompile Include="..\..\..\..\Downloads\gitcopy\Tic-Tac-Toe-SFML-CPP\Code\GAME LOGIC\16 - Show Game Over Screen\InputManager.cpp">
      <Filter>Source Files</Filter>
    </ClCompile>
    <ClCompile Include="..\..\..\..\Downloads\gitcopy\Tic-Tac-Toe-SFML-CPP\Code\GAME LOGIC\16 - Show Game Over Screen\main.cpp">
      <Filter>Source Files</Filter>
    </ClCompile>
    <ClCompile Include="..\..\..\..\Downloads\gitcopy\Tic-Tac-Toe-SFML-CPP\Code\GAME LOGIC\16 - Show Game Over Screen\MainMenuState.cpp">
      <Filter>Source Files</Filter>
    </ClCompile>
    <ClCompile Include="..\..\..\..\Downloads\gitcopy\Tic-Tac-Toe-SFML-CPP\Code\GAME LOGIC\16 - Show Game Over Screen\PauseState.cpp">
      <Filter>Source Files</Filter>
    </ClCompile>
    <ClCompile Include="..\..\..\..\Downloads\gitcopy\Tic-Tac-Toe-SFML-CPP\Code\GAME LOGIC\16 - Show Game Over Screen\SplashState.cpp">
      <Filter>Source Files</Filter>
    </ClCompile>
    <ClCompile Include="..\..\..\..\Downloads\gitcopy\Tic-Tac-Toe-SFML-CPP\Code\GAME LOGIC\16 - Show Game Over Screen\StateMachine.cpp">
      <Filter>Source Files</Filter>
    </ClCompile>
  </ItemGroup>
  <ItemGroup>
    <ClInclude Include="..\..\..\..\Downloads\gitcopy\Tic-Tac-Toe-SFML-CPP\Code\GAME LOGIC\16 - Show Game Over Screen\AI.hpp">
      <Filter>Header Files</Filter>
    </ClInclude>
    <ClInclude Include="..\..\..\..\Downloads\gitcopy\Tic-Tac-Toe-SFML-CPP\Code\GAME LOGIC\16 - Show Game Over Screen\AssetManager.hpp">
      <Filter>Header Files</Filter>
    </ClInclude>
    <ClInclude Include="..\..\..\..\Downloads\gitcopy\Tic-Tac-Toe-SFML-CPP\Code\GAME LOGIC\16 - Show Game Over Screen\DEFINITIONS.hpp">
      <Filter>Header Files</Filter>
    </ClInclude>
    <ClInclude Include="..\..\..\..\Downloads\gitcopy\Tic-Tac-Toe-SFML-CPP\Code\GAME LOGIC\16 - Show Game Over Screen\Game.hpp">
      <Filter>Header Files</Filter>
    </ClInclude>
    <ClInclude Include="..\..\..\..\Downloads\gitcopy\Tic-Tac-Toe-SFML-CPP\Code\GAME LOGIC\16 - Show Game Over Screen\GameState.hpp">
      <Filter>Header Files</Filter>
    </ClInclude>
    <ClInclude Include="..\..\..\..\Downloads\gitcopy\Tic-Tac-Toe-SFML-CPP\Code\GAME LOGIC\16 - Show Game Over Screen\InputManager.hpp">
      <Filter>Header Files</Filter>
    </ClInclude>
    <ClInclude Include="..\..\..\..\Downloads\gitcopy\Tic-Tac-Toe-SFML-CPP\Code\GAME LOGIC\16 - Show Game Over Screen\PauseState.hpp">
      <Filter>Header Files</Filter>
    </ClInclude>
    <ClInclude Include="..\..\..\..\Downloads\gitcopy\Tic-Tac-Toe-SFML-CPP\Code\GAME LOGIC\16 - Show Game Over Screen\StateMachine.hpp">
      <Filter>Header Files</Filter>
    </ClInclude>
    <ClInclude Include="..\..\..\..\Downloads\gitcopy\Tic-Tac-Toe-SFML-CPP\Code\GAME LOGIC\16 - Show Game Over Screen\State.hpp">
      <Filter>Header Files</Filter>
    </ClInclude>
    <ClInclude Include="..\..\..\..\Downloads\gitcopy\Tic-Tac-Toe-SFML-CPP\Code\GAME LOGIC\16 - Show Game Over Screen\SplashState.hpp">
      <Filter>Header Files</Filter>
    </ClInclude>
    <ClInclude Include="..\..\..\..\Downloads\gitcopy\Tic-Tac-Toe-SFML-CPP\Code\GAME LOGIC\16 - Show Game Over Screen\MainMenuState.hpp">
      <Filter>Header Files</Filter>
    </ClInclude>
    <ClInclude Include="..\..\..\..\Downloads\gitcopy\Tic-Tac-Toe-SFML-CPP\Code\GAME LOGIC\16 - Show Game Over Screen\GameOverState.hpp">
      <Filter>Header Files</Filter>
    </ClInclude>
  </ItemGroup>
</Project>